// !$*UTF8*$!
{
	archiveVersion = 1;
	classes = {
	};
	objectVersion = 45;
	objects = {

/* Begin PBXBuildFile section */
		1D3623260D0F684500981E51 /* HeinzelnisseAppDelegate.m in Sources */ = {isa = PBXBuildFile; fileRef = 1D3623250D0F684500981E51 /* HeinzelnisseAppDelegate.m */; };
		1D60589B0D05DD56006BFB54 /* main.m in Sources */ = {isa = PBXBuildFile; fileRef = 29B97316FDCFA39411CA2CEA /* main.m */; };
		1D60589F0D05DD5A006BFB54 /* Foundation.framework in Frameworks */ = {isa = PBXBuildFile; fileRef = 1D30AB110D05D00D00671497 /* Foundation.framework */; };
		1DF5F4E00D08C38300B7A737 /* UIKit.framework in Frameworks */ = {isa = PBXBuildFile; fileRef = 1DF5F4DF0D08C38300B7A737 /* UIKit.framework */; };
		28216C970DB411BC00E5133A /* FirstViewController.m in Sources */ = {isa = PBXBuildFile; fileRef = 28216C960DB411BC00E5133A /* FirstViewController.m */; };
		288765080DF74369002DB57D /* CoreGraphics.framework in Frameworks */ = {isa = PBXBuildFile; fileRef = 288765070DF74369002DB57D /* CoreGraphics.framework */; };
		28AD73880D9D96C1002E5188 /* MainWindow.xib in Resources */ = {isa = PBXBuildFile; fileRef = 28AD73870D9D96C1002E5188 /* MainWindow.xib */; };
		DA003AFE1143EB8500C1300B /* icon.png in Resources */ = {isa = PBXBuildFile; fileRef = DA003AFD1143EB8500C1300B /* icon.png */; };
		DA003AFF1143EB8500C1300B /* icon.png in Resources */ = {isa = PBXBuildFile; fileRef = DA003AFD1143EB8500C1300B /* icon.png */; };
		DA789EB711287F78000F1A03 /* CoreData.framework in Frameworks */ = {isa = PBXBuildFile; fileRef = DA789EB611287F78000F1A03 /* CoreData.framework */; };
		DA789ED011288100000F1A03 /* Heinzelnisse.xcdatamodel in Sources */ = {isa = PBXBuildFile; fileRef = DA789ECE11288100000F1A03 /* Heinzelnisse.xcdatamodel */; };
		DA789EDA1128824B000F1A03 /* Translation.m in Sources */ = {isa = PBXBuildFile; fileRef = DA789ED81128824B000F1A03 /* Translation.m */; };
		DA9F18BC113A90E900BC260B /* FirstView.xib in Resources */ = {isa = PBXBuildFile; fileRef = DA9F18BB113A90E900BC260B /* FirstView.xib */; };
		DA9F18D2113A91A000BC260B /* FirstView.xib in Resources */ = {isa = PBXBuildFile; fileRef = DA9F18BB113A90E900BC260B /* FirstView.xib */; };
		DA9F1A9B1142B59B00BC260B /* Dataloader.m in Sources */ = {isa = PBXBuildFile; fileRef = DA9F1A9A1142B59B00BC260B /* Dataloader.m */; };
		DA9F1A9C1142B59B00BC260B /* Dataloader.m in Sources */ = {isa = PBXBuildFile; fileRef = DA9F1A9A1142B59B00BC260B /* Dataloader.m */; };
		DA9F1A9E1142B6E700BC260B /* heinzelliste.txt in Resources */ = {isa = PBXBuildFile; fileRef = DA9F1A9D1142B6E700BC260B /* heinzelliste.txt */; };
		DA9F1A9F1142B6E700BC260B /* heinzelliste.txt in Resources */ = {isa = PBXBuildFile; fileRef = DA9F1A9D1142B6E700BC260B /* heinzelliste.txt */; };
		DAC79235113A7EFA00B3C55F /* TranslationTest.m in Sources */ = {isa = PBXBuildFile; fileRef = DAC79234113A7EFA00B3C55F /* TranslationTest.m */; };
		DAC79270113A813B00B3C55F /* CoreData.framework in Frameworks */ = {isa = PBXBuildFile; fileRef = DA789EB611287F78000F1A03 /* CoreData.framework */; };
		DAC792B4113A836C00B3C55F /* UIKit.framework in Frameworks */ = {isa = PBXBuildFile; fileRef = 1DF5F4DF0D08C38300B7A737 /* UIKit.framework */; };
		DAC792CE113A875D00B3C55F /* Translation.m in Sources */ = {isa = PBXBuildFile; fileRef = DA789ED81128824B000F1A03 /* Translation.m */; };
		DAC792E0113A882400B3C55F /* MainWindow.xib in Resources */ = {isa = PBXBuildFile; fileRef = 28AD73870D9D96C1002E5188 /* MainWindow.xib */; };
		DAC792E3113A882400B3C55F /* main.m in Sources */ = {isa = PBXBuildFile; fileRef = 29B97316FDCFA39411CA2CEA /* main.m */; };
		DAC792E4113A882400B3C55F /* HeinzelnisseAppDelegate.m in Sources */ = {isa = PBXBuildFile; fileRef = 1D3623250D0F684500981E51 /* HeinzelnisseAppDelegate.m */; };
		DAC792E5113A882400B3C55F /* FirstViewController.m in Sources */ = {isa = PBXBuildFile; fileRef = 28216C960DB411BC00E5133A /* FirstViewController.m */; };
		DAC792E6113A882400B3C55F /* Heinzelnisse.xcdatamodel in Sources */ = {isa = PBXBuildFile; fileRef = DA789ECE11288100000F1A03 /* Heinzelnisse.xcdatamodel */; };
		DAC792E7113A882400B3C55F /* Translation.m in Sources */ = {isa = PBXBuildFile; fileRef = DA789ED81128824B000F1A03 /* Translation.m */; };
		DAC792E9113A882400B3C55F /* Foundation.framework in Frameworks */ = {isa = PBXBuildFile; fileRef = 1D30AB110D05D00D00671497 /* Foundation.framework */; };
		DAC792EA113A882400B3C55F /* UIKit.framework in Frameworks */ = {isa = PBXBuildFile; fileRef = 1DF5F4DF0D08C38300B7A737 /* UIKit.framework */; };
		DAC792EB113A882400B3C55F /* CoreGraphics.framework in Frameworks */ = {isa = PBXBuildFile; fileRef = 288765070DF74369002DB57D /* CoreGraphics.framework */; };
		DAC792EC113A882400B3C55F /* libsqlite3.dylib in Frameworks */ = {isa = PBXBuildFile; fileRef = DAFC037911216F0F00F33DF5 /* libsqlite3.dylib */; };
		DAC792ED113A882400B3C55F /* CoreData.framework in Frameworks */ = {isa = PBXBuildFile; fileRef = DA789EB611287F78000F1A03 /* CoreData.framework */; };
		DAC7930C113A88A200B3C55F /* HeinzelnisseTests.octest in Resources */ = {isa = PBXBuildFile; fileRef = DAC79301113A886100B3C55F /* HeinzelnisseTests.octest */; };
		DAC79313113A88E000B3C55F /* FetchTranslationsTest.m in Sources */ = {isa = PBXBuildFile; fileRef = DAC79312113A88E000B3C55F /* FetchTranslationsTest.m */; };
		DAFC037A11216F0F00F33DF5 /* libsqlite3.dylib in Frameworks */ = {isa = PBXBuildFile; fileRef = DAFC037911216F0F00F33DF5 /* libsqlite3.dylib */; };
/* End PBXBuildFile section */

/* Begin PBXContainerItemProxy section */
		DAC79306113A888000B3C55F /* PBXContainerItemProxy */ = {
			isa = PBXContainerItemProxy;
			containerPortal = 29B97313FDCFA39411CA2CEA /* Project object */;
			proxyType = 1;
			remoteGlobalIDString = DAC79300113A886100B3C55F;
			remoteInfo = HeinzelnisseTests;
		};
/* End PBXContainerItemProxy section */

/* Begin PBXFileReference section */
		1D30AB110D05D00D00671497 /* Foundation.framework */ = {isa = PBXFileReference; lastKnownFileType = wrapper.framework; name = Foundation.framework; path = System/Library/Frameworks/Foundation.framework; sourceTree = SDKROOT; };
		1D3623240D0F684500981E51 /* HeinzelnisseAppDelegate.h */ = {isa = PBXFileReference; fileEncoding = 4; lastKnownFileType = sourcecode.c.h; path = HeinzelnisseAppDelegate.h; sourceTree = "<group>"; };
		1D3623250D0F684500981E51 /* HeinzelnisseAppDelegate.m */ = {isa = PBXFileReference; fileEncoding = 4; lastKnownFileType = sourcecode.c.objc; path = HeinzelnisseAppDelegate.m; sourceTree = "<group>"; };
		1D6058910D05DD3D006BFB54 /* Heinzelnisse.app */ = {isa = PBXFileReference; explicitFileType = wrapper.application; includeInIndex = 0; path = Heinzelnisse.app; sourceTree = BUILT_PRODUCTS_DIR; };
		1DF5F4DF0D08C38300B7A737 /* UIKit.framework */ = {isa = PBXFileReference; lastKnownFileType = wrapper.framework; name = UIKit.framework; path = System/Library/Frameworks/UIKit.framework; sourceTree = SDKROOT; };
		28216C950DB411BC00E5133A /* FirstViewController.h */ = {isa = PBXFileReference; fileEncoding = 4; lastKnownFileType = sourcecode.c.h; path = FirstViewController.h; sourceTree = "<group>"; };
		28216C960DB411BC00E5133A /* FirstViewController.m */ = {isa = PBXFileReference; fileEncoding = 4; lastKnownFileType = sourcecode.c.objc; path = FirstViewController.m; sourceTree = "<group>"; };
		288765070DF74369002DB57D /* CoreGraphics.framework */ = {isa = PBXFileReference; lastKnownFileType = wrapper.framework; name = CoreGraphics.framework; path = System/Library/Frameworks/CoreGraphics.framework; sourceTree = SDKROOT; };
		28A0AB4B0D9B1048005BE974 /* Heinzelnisse_Prefix.pch */ = {isa = PBXFileReference; fileEncoding = 4; lastKnownFileType = sourcecode.c.h; path = Heinzelnisse_Prefix.pch; sourceTree = "<group>"; };
		28AD73870D9D96C1002E5188 /* MainWindow.xib */ = {isa = PBXFileReference; lastKnownFileType = file.xib; path = MainWindow.xib; sourceTree = "<group>"; };
		29B97316FDCFA39411CA2CEA /* main.m */ = {isa = PBXFileReference; fileEncoding = 4; lastKnownFileType = sourcecode.c.objc; path = main.m; sourceTree = "<group>"; };
		8D1107310486CEB800E47090 /* Heinzelnisse-Info.plist */ = {isa = PBXFileReference; fileEncoding = 4; lastKnownFileType = text.plist.xml; path = "Heinzelnisse-Info.plist"; plistStructureDefinitionIdentifier = "com.apple.xcode.plist.structure-definition.iphone.info-plist"; sourceTree = "<group>"; };
		DA003AFD1143EB8500C1300B /* icon.png */ = {isa = PBXFileReference; lastKnownFileType = image.png; path = icon.png; sourceTree = "<group>"; };
		DA789EB611287F78000F1A03 /* CoreData.framework */ = {isa = PBXFileReference; lastKnownFileType = wrapper.framework; name = CoreData.framework; path = System/Library/Frameworks/CoreData.framework; sourceTree = SDKROOT; };
		DA789ECE11288100000F1A03 /* Heinzelnisse.xcdatamodel */ = {isa = PBXFileReference; fileEncoding = 4; lastKnownFileType = wrapper.xcdatamodel; path = Heinzelnisse.xcdatamodel; sourceTree = "<group>"; };
		DA789ED71128824B000F1A03 /* Translation.h */ = {isa = PBXFileReference; fileEncoding = 4; lastKnownFileType = sourcecode.c.h; path = Translation.h; sourceTree = "<group>"; };
		DA789ED81128824B000F1A03 /* Translation.m */ = {isa = PBXFileReference; fileEncoding = 4; lastKnownFileType = sourcecode.c.objc; path = Translation.m; sourceTree = "<group>"; };
		DA9F18BB113A90E900BC260B /* FirstView.xib */ = {isa = PBXFileReference; lastKnownFileType = file.xib; path = FirstView.xib; sourceTree = "<group>"; };
		DA9F1A991142B59B00BC260B /* Dataloader.h */ = {isa = PBXFileReference; fileEncoding = 4; lastKnownFileType = sourcecode.c.h; path = Dataloader.h; sourceTree = "<group>"; };
		DA9F1A9A1142B59B00BC260B /* Dataloader.m */ = {isa = PBXFileReference; fileEncoding = 4; lastKnownFileType = sourcecode.c.objc; path = Dataloader.m; sourceTree = "<group>"; };
		DA9F1A9D1142B6E700BC260B /* heinzelliste.txt */ = {isa = PBXFileReference; fileEncoding = 4; lastKnownFileType = text; path = heinzelliste.txt; sourceTree = "<group>"; };
		DAC7922B113A7E8F00B3C55F /* LogicTests.octest */ = {isa = PBXFileReference; explicitFileType = wrapper.cfbundle; includeInIndex = 0; path = LogicTests.octest; sourceTree = BUILT_PRODUCTS_DIR; };
		DAC7922C113A7E8F00B3C55F /* LogicTests-Info.plist */ = {isa = PBXFileReference; lastKnownFileType = text.plist.xml; path = "LogicTests-Info.plist"; sourceTree = "<group>"; };
		DAC79233113A7EFA00B3C55F /* TranslationTest.h */ = {isa = PBXFileReference; fileEncoding = 4; lastKnownFileType = sourcecode.c.h; name = TranslationTest.h; path = unit_tests/TranslationTest.h; sourceTree = "<group>"; };
		DAC79234113A7EFA00B3C55F /* TranslationTest.m */ = {isa = PBXFileReference; fileEncoding = 4; lastKnownFileType = sourcecode.c.objc; name = TranslationTest.m; path = unit_tests/TranslationTest.m; sourceTree = "<group>"; };
		DAC792F1113A882400B3C55F /* Heinzelnisse.app */ = {isa = PBXFileReference; explicitFileType = wrapper.application; includeInIndex = 0; path = Heinzelnisse.app; sourceTree = BUILT_PRODUCTS_DIR; };
		DAC79301113A886100B3C55F /* HeinzelnisseTests.octest */ = {isa = PBXFileReference; explicitFileType = wrapper.cfbundle; includeInIndex = 0; path = HeinzelnisseTests.octest; sourceTree = BUILT_PRODUCTS_DIR; };
		DAC79302113A886100B3C55F /* HeinzelnisseTests-Info.plist */ = {isa = PBXFileReference; lastKnownFileType = text.plist.xml; path = "HeinzelnisseTests-Info.plist"; sourceTree = "<group>"; };
		DAC79311113A88E000B3C55F /* FetchTranslationsTest.h */ = {isa = PBXFileReference; fileEncoding = 4; lastKnownFileType = sourcecode.c.h; name = FetchTranslationsTest.h; path = unit_tests/FetchTranslationsTest.h; sourceTree = "<group>"; };
		DAC79312113A88E000B3C55F /* FetchTranslationsTest.m */ = {isa = PBXFileReference; fileEncoding = 4; lastKnownFileType = sourcecode.c.objc; name = FetchTranslationsTest.m; path = unit_tests/FetchTranslationsTest.m; sourceTree = "<group>"; };
		DAFC037911216F0F00F33DF5 /* libsqlite3.dylib */ = {isa = PBXFileReference; lastKnownFileType = "compiled.mach-o.dylib"; name = libsqlite3.dylib; path = usr/lib/libsqlite3.dylib; sourceTree = SDKROOT; };
		DAFC039E1126E2A700F33DF5 /* DBAccessTest.h */ = {isa = PBXFileReference; fileEncoding = 4; lastKnownFileType = sourcecode.c.h; name = DBAccessTest.h; path = unit_tests/DBAccessTest.h; sourceTree = "<group>"; };
		DAFC039F1126E2A700F33DF5 /* DBAccessTest.m */ = {isa = PBXFileReference; fileEncoding = 4; lastKnownFileType = sourcecode.c.objc; name = DBAccessTest.m; path = unit_tests/DBAccessTest.m; sourceTree = "<group>"; };
/* End PBXFileReference section */

/* Begin PBXFrameworksBuildPhase section */
		1D60588F0D05DD3D006BFB54 /* Frameworks */ = {
			isa = PBXFrameworksBuildPhase;
			buildActionMask = 2147483647;
			files = (
				1D60589F0D05DD5A006BFB54 /* Foundation.framework in Frameworks */,
				1DF5F4E00D08C38300B7A737 /* UIKit.framework in Frameworks */,
				288765080DF74369002DB57D /* CoreGraphics.framework in Frameworks */,
				DAFC037A11216F0F00F33DF5 /* libsqlite3.dylib in Frameworks */,
				DA789EB711287F78000F1A03 /* CoreData.framework in Frameworks */,
			);
			runOnlyForDeploymentPostprocessing = 0;
		};
		DAC79228113A7E8F00B3C55F /* Frameworks */ = {
			isa = PBXFrameworksBuildPhase;
			buildActionMask = 2147483647;
			files = (
				DAC79270113A813B00B3C55F /* CoreData.framework in Frameworks */,
				DAC792B4113A836C00B3C55F /* UIKit.framework in Frameworks */,
			);
			runOnlyForDeploymentPostprocessing = 0;
		};
		DAC792E8113A882400B3C55F /* Frameworks */ = {
			isa = PBXFrameworksBuildPhase;
			buildActionMask = 2147483647;
			files = (
				DAC792E9113A882400B3C55F /* Foundation.framework in Frameworks */,
				DAC792EA113A882400B3C55F /* UIKit.framework in Frameworks */,
				DAC792EB113A882400B3C55F /* CoreGraphics.framework in Frameworks */,
				DAC792EC113A882400B3C55F /* libsqlite3.dylib in Frameworks */,
				DAC792ED113A882400B3C55F /* CoreData.framework in Frameworks */,
			);
			runOnlyForDeploymentPostprocessing = 0;
		};
		DAC792FE113A886100B3C55F /* Frameworks */ = {
			isa = PBXFrameworksBuildPhase;
			buildActionMask = 2147483647;
			files = (
			);
			runOnlyForDeploymentPostprocessing = 0;
		};
/* End PBXFrameworksBuildPhase section */

/* Begin PBXGroup section */
		080E96DDFE201D6D7F000001 /* Classes */ = {
			isa = PBXGroup;
			children = (
				DA789ED71128824B000F1A03 /* Translation.h */,
				DA789ED81128824B000F1A03 /* Translation.m */,
				28216C950DB411BC00E5133A /* FirstViewController.h */,
				28216C960DB411BC00E5133A /* FirstViewController.m */,
				1D3623240D0F684500981E51 /* HeinzelnisseAppDelegate.h */,
				1D3623250D0F684500981E51 /* HeinzelnisseAppDelegate.m */,
				DA9F1A991142B59B00BC260B /* Dataloader.h */,
				DA9F1A9A1142B59B00BC260B /* Dataloader.m */,
			);
			path = Classes;
			sourceTree = "<group>";
		};
		19C28FACFE9D520D11CA2CBB /* Products */ = {
			isa = PBXGroup;
			children = (
				1D6058910D05DD3D006BFB54 /* Heinzelnisse.app */,
				DAC7922B113A7E8F00B3C55F /* LogicTests.octest */,
				DAC792F1113A882400B3C55F /* Heinzelnisse.app */,
				DAC79301113A886100B3C55F /* HeinzelnisseTests.octest */,
			);
			name = Products;
			sourceTree = "<group>";
		};
		29B97314FDCFA39411CA2CEA /* Heinzelnisse */ = {
			isa = PBXGroup;
			children = (
				DAC79231113A7ECA00B3C55F /* Logic Tests */,
				DAFC03981126E1F800F33DF5 /* Heinzelnisse Tests */,
				080E96DDFE201D6D7F000001 /* Classes */,
				29B97315FDCFA39411CA2CEA /* Other Sources */,
				29B97317FDCFA39411CA2CEA /* Resources */,
				29B97323FDCFA39411CA2CEA /* Frameworks */,
				19C28FACFE9D520D11CA2CBB /* Products */,
				DAFC037911216F0F00F33DF5 /* libsqlite3.dylib */,
				DA789EB611287F78000F1A03 /* CoreData.framework */,
				DA789ECE11288100000F1A03 /* Heinzelnisse.xcdatamodel */,
				DAC7922C113A7E8F00B3C55F /* LogicTests-Info.plist */,
				DAC79302113A886100B3C55F /* HeinzelnisseTests-Info.plist */,
			);
			name = Heinzelnisse;
			sourceTree = "<group>";
		};
		29B97315FDCFA39411CA2CEA /* Other Sources */ = {
			isa = PBXGroup;
			children = (
				28A0AB4B0D9B1048005BE974 /* Heinzelnisse_Prefix.pch */,
				29B97316FDCFA39411CA2CEA /* main.m */,
			);
			name = "Other Sources";
			sourceTree = "<group>";
		};
		29B97317FDCFA39411CA2CEA /* Resources */ = {
			isa = PBXGroup;
			children = (
				DA003AFD1143EB8500C1300B /* icon.png */,
				DA9F1A9D1142B6E700BC260B /* heinzelliste.txt */,
				DA9F18BB113A90E900BC260B /* FirstView.xib */,
				28AD73870D9D96C1002E5188 /* MainWindow.xib */,
				8D1107310486CEB800E47090 /* Heinzelnisse-Info.plist */,
			);
			name = Resources;
			sourceTree = "<group>";
		};
		29B97323FDCFA39411CA2CEA /* Frameworks */ = {
			isa = PBXGroup;
			children = (
				1DF5F4DF0D08C38300B7A737 /* UIKit.framework */,
				1D30AB110D05D00D00671497 /* Foundation.framework */,
				288765070DF74369002DB57D /* CoreGraphics.framework */,
			);
			name = Frameworks;
			sourceTree = "<group>";
		};
		DAC79231113A7ECA00B3C55F /* Logic Tests */ = {
			isa = PBXGroup;
			children = (
				DAC79233113A7EFA00B3C55F /* TranslationTest.h */,
				DAC79234113A7EFA00B3C55F /* TranslationTest.m */,
			);
			name = "Logic Tests";
			sourceTree = "<group>";
		};
		DAFC03981126E1F800F33DF5 /* Heinzelnisse Tests */ = {
			isa = PBXGroup;
			children = (
				DAFC039E1126E2A700F33DF5 /* DBAccessTest.h */,
				DAFC039F1126E2A700F33DF5 /* DBAccessTest.m */,
				DAC79311113A88E000B3C55F /* FetchTranslationsTest.h */,
				DAC79312113A88E000B3C55F /* FetchTranslationsTest.m */,
			);
			name = "Heinzelnisse Tests";
			sourceTree = "<group>";
		};
/* End PBXGroup section */

/* Begin PBXNativeTarget section */
		1D6058900D05DD3D006BFB54 /* Heinzelnisse */ = {
			isa = PBXNativeTarget;
			buildConfigurationList = 1D6058960D05DD3E006BFB54 /* Build configuration list for PBXNativeTarget "Heinzelnisse" */;
			buildPhases = (
				1D60588D0D05DD3D006BFB54 /* Resources */,
				1D60588E0D05DD3D006BFB54 /* Sources */,
				1D60588F0D05DD3D006BFB54 /* Frameworks */,
			);
			buildRules = (
			);
			dependencies = (
			);
			name = Heinzelnisse;
			productName = Heinzelnisse;
			productReference = 1D6058910D05DD3D006BFB54 /* Heinzelnisse.app */;
			productType = "com.apple.product-type.application";
		};
		DAC7922A113A7E8F00B3C55F /* LogicTests */ = {
			isa = PBXNativeTarget;
			buildConfigurationList = DAC79230113A7E9200B3C55F /* Build configuration list for PBXNativeTarget "LogicTests" */;
			buildPhases = (
				DAC79226113A7E8F00B3C55F /* Resources */,
				DAC79227113A7E8F00B3C55F /* Sources */,
				DAC79228113A7E8F00B3C55F /* Frameworks */,
				DAC79229113A7E8F00B3C55F /* ShellScript */,
			);
			buildRules = (
			);
			dependencies = (
			);
			name = LogicTests;
			productName = LogicTests;
			productReference = DAC7922B113A7E8F00B3C55F /* LogicTests.octest */;
			productType = "com.apple.product-type.bundle";
		};
		DAC792DE113A882400B3C55F /* HeinzelnisseTesting */ = {
			isa = PBXNativeTarget;
			buildConfigurationList = DAC792EE113A882400B3C55F /* Build configuration list for PBXNativeTarget "HeinzelnisseTesting" */;
			buildPhases = (
				DAC792DF113A882400B3C55F /* Resources */,
				DAC792E2113A882400B3C55F /* Sources */,
				DAC792E8113A882400B3C55F /* Frameworks */,
			);
			buildRules = (
			);
			dependencies = (
				DAC79307113A888000B3C55F /* PBXTargetDependency */,
			);
			name = HeinzelnisseTesting;
			productName = Heinzelnisse;
			productReference = DAC792F1113A882400B3C55F /* Heinzelnisse.app */;
			productType = "com.apple.product-type.application";
		};
		DAC79300113A886100B3C55F /* HeinzelnisseTests */ = {
			isa = PBXNativeTarget;
			buildConfigurationList = DAC79305113A886300B3C55F /* Build configuration list for PBXNativeTarget "HeinzelnisseTests" */;
			buildPhases = (
				DAC792FC113A886100B3C55F /* Resources */,
				DAC792FD113A886100B3C55F /* Sources */,
				DAC792FE113A886100B3C55F /* Frameworks */,
				DAC792FF113A886100B3C55F /* ShellScript */,
			);
			buildRules = (
			);
			dependencies = (
			);
			name = HeinzelnisseTests;
			productName = HeinzelnisseTests;
			productReference = DAC79301113A886100B3C55F /* HeinzelnisseTests.octest */;
			productType = "com.apple.product-type.bundle";
		};
/* End PBXNativeTarget section */

/* Begin PBXProject section */
		29B97313FDCFA39411CA2CEA /* Project object */ = {
			isa = PBXProject;
			attributes = {
				ORGANIZATIONNAME = "Roman Bertolami";
			};
			buildConfigurationList = C01FCF4E08A954540054247B /* Build configuration list for PBXProject "Heinzelnisse" */;
			compatibilityVersion = "Xcode 3.1";
			hasScannedForEncodings = 1;
			mainGroup = 29B97314FDCFA39411CA2CEA /* Heinzelnisse */;
			projectDirPath = "";
			projectRoot = "";
			targets = (
				1D6058900D05DD3D006BFB54 /* Heinzelnisse */,
				DAC7922A113A7E8F00B3C55F /* LogicTests */,
				DAC792DE113A882400B3C55F /* HeinzelnisseTesting */,
				DAC79300113A886100B3C55F /* HeinzelnisseTests */,
			);
		};
/* End PBXProject section */

/* Begin PBXResourcesBuildPhase section */
		1D60588D0D05DD3D006BFB54 /* Resources */ = {
			isa = PBXResourcesBuildPhase;
			buildActionMask = 2147483647;
			files = (
				28AD73880D9D96C1002E5188 /* MainWindow.xib in Resources */,
				DA9F18D2113A91A000BC260B /* FirstView.xib in Resources */,
				DA9F1A9F1142B6E700BC260B /* heinzelliste.txt in Resources */,
				DA003AFF1143EB8500C1300B /* icon.png in Resources */,
			);
			runOnlyForDeploymentPostprocessing = 0;
		};
		DAC79226113A7E8F00B3C55F /* Resources */ = {
			isa = PBXResourcesBuildPhase;
			buildActionMask = 2147483647;
			files = (
			);
			runOnlyForDeploymentPostprocessing = 0;
		};
		DAC792DF113A882400B3C55F /* Resources */ = {
			isa = PBXResourcesBuildPhase;
			buildActionMask = 2147483647;
			files = (
				DAC7930C113A88A200B3C55F /* HeinzelnisseTests.octest in Resources */,
				DAC792E0113A882400B3C55F /* MainWindow.xib in Resources */,
				DA9F1A9E1142B6E700BC260B /* heinzelliste.txt in Resources */,
				DA003AFE1143EB8500C1300B /* icon.png in Resources */,
			);
			runOnlyForDeploymentPostprocessing = 0;
		};
		DAC792FC113A886100B3C55F /* Resources */ = {
			isa = PBXResourcesBuildPhase;
			buildActionMask = 2147483647;
			files = (
				DA9F18BC113A90E900BC260B /* FirstView.xib in Resources */,
			);
			runOnlyForDeploymentPostprocessing = 0;
		};
/* End PBXResourcesBuildPhase section */

/* Begin PBXShellScriptBuildPhase section */
		DAC79229113A7E8F00B3C55F /* ShellScript */ = {
			isa = PBXShellScriptBuildPhase;
			buildActionMask = 2147483647;
			files = (
			);
			inputPaths = (
			);
			outputPaths = (
			);
			runOnlyForDeploymentPostprocessing = 0;
			shellPath = /bin/sh;
			shellScript = "# Run the unit tests in this test bundle.\n\"${SYSTEM_DEVELOPER_DIR}/Tools/RunUnitTests\"\n";
		};
		DAC792FF113A886100B3C55F /* ShellScript */ = {
			isa = PBXShellScriptBuildPhase;
			buildActionMask = 2147483647;
			files = (
			);
			inputPaths = (
			);
			outputPaths = (
			);
			runOnlyForDeploymentPostprocessing = 0;
			shellPath = /bin/sh;
			shellScript = "# Run the unit tests in this test bundle.\n\"${SYSTEM_DEVELOPER_DIR}/Tools/RunUnitTests\"\n";
		};
/* End PBXShellScriptBuildPhase section */

/* Begin PBXSourcesBuildPhase section */
		1D60588E0D05DD3D006BFB54 /* Sources */ = {
			isa = PBXSourcesBuildPhase;
			buildActionMask = 2147483647;
			files = (
				1D60589B0D05DD56006BFB54 /* main.m in Sources */,
				1D3623260D0F684500981E51 /* HeinzelnisseAppDelegate.m in Sources */,
				28216C970DB411BC00E5133A /* FirstViewController.m in Sources */,
				DA789ED011288100000F1A03 /* Heinzelnisse.xcdatamodel in Sources */,
				DA789EDA1128824B000F1A03 /* Translation.m in Sources */,
				DA9F1A9C1142B59B00BC260B /* Dataloader.m in Sources */,
			);
			runOnlyForDeploymentPostprocessing = 0;
		};
		DAC79227113A7E8F00B3C55F /* Sources */ = {
			isa = PBXSourcesBuildPhase;
			buildActionMask = 2147483647;
			files = (
				DAC79235113A7EFA00B3C55F /* TranslationTest.m in Sources */,
				DAC792CE113A875D00B3C55F /* Translation.m in Sources */,
			);
			runOnlyForDeploymentPostprocessing = 0;
		};
		DAC792E2113A882400B3C55F /* Sources */ = {
			isa = PBXSourcesBuildPhase;
			buildActionMask = 2147483647;
			files = (
				DAC792E3113A882400B3C55F /* main.m in Sources */,
				DAC792E4113A882400B3C55F /* HeinzelnisseAppDelegate.m in Sources */,
				DAC792E5113A882400B3C55F /* FirstViewController.m in Sources */,
				DAC792E6113A882400B3C55F /* Heinzelnisse.xcdatamodel in Sources */,
				DAC792E7113A882400B3C55F /* Translation.m in Sources */,
				DA9F1A9B1142B59B00BC260B /* Dataloader.m in Sources */,
			);
			runOnlyForDeploymentPostprocessing = 0;
		};
		DAC792FD113A886100B3C55F /* Sources */ = {
			isa = PBXSourcesBuildPhase;
			buildActionMask = 2147483647;
			files = (
				DAC79313113A88E000B3C55F /* FetchTranslationsTest.m in Sources */,
			);
			runOnlyForDeploymentPostprocessing = 0;
		};
/* End PBXSourcesBuildPhase section */

/* Begin PBXTargetDependency section */
		DAC79307113A888000B3C55F /* PBXTargetDependency */ = {
			isa = PBXTargetDependency;
			target = DAC79300113A886100B3C55F /* HeinzelnisseTests */;
			targetProxy = DAC79306113A888000B3C55F /* PBXContainerItemProxy */;
		};
/* End PBXTargetDependency section */

/* Begin XCBuildConfiguration section */
		1D6058940D05DD3E006BFB54 /* Debug */ = {
			isa = XCBuildConfiguration;
			buildSettings = {
				ALWAYS_SEARCH_USER_PATHS = NO;
				COPY_PHASE_STRIP = NO;
				GCC_DYNAMIC_NO_PIC = NO;
				GCC_OPTIMIZATION_LEVEL = 0;
				GCC_PRECOMPILE_PREFIX_HEADER = YES;
				GCC_PREFIX_HEADER = Heinzelnisse_Prefix.pch;
				INFOPLIST_FILE = "Heinzelnisse-Info.plist";
				PRODUCT_NAME = Heinzelnisse;
			};
			name = Debug;
		};
		1D6058950D05DD3E006BFB54 /* Release */ = {
			isa = XCBuildConfiguration;
			buildSettings = {
				ALWAYS_SEARCH_USER_PATHS = NO;
				COPY_PHASE_STRIP = YES;
				GCC_PRECOMPILE_PREFIX_HEADER = YES;
				GCC_PREFIX_HEADER = Heinzelnisse_Prefix.pch;
				INFOPLIST_FILE = "Heinzelnisse-Info.plist";
				PRODUCT_NAME = Heinzelnisse;
			};
			name = Release;
		};
		C01FCF4F08A954540054247B /* Debug */ = {
			isa = XCBuildConfiguration;
			buildSettings = {
				ARCHS = "$(ARCHS_STANDARD_32_BIT)";
				"CODE_SIGN_IDENTITY[sdk=iphoneos*]" = "iPhone Developer";
				GCC_C_LANGUAGE_STANDARD = c99;
				GCC_WARN_ABOUT_RETURN_TYPE = YES;
				GCC_WARN_UNUSED_VARIABLE = YES;
				PREBINDING = NO;
				SDKROOT = iphoneos3.1;
			};
			name = Debug;
		};
		C01FCF5008A954540054247B /* Release */ = {
			isa = XCBuildConfiguration;
			buildSettings = {
				ARCHS = "$(ARCHS_STANDARD_32_BIT)";
				"CODE_SIGN_IDENTITY[sdk=iphoneos*]" = "iPhone Developer";
				GCC_C_LANGUAGE_STANDARD = c99;
				GCC_WARN_ABOUT_RETURN_TYPE = YES;
				GCC_WARN_UNUSED_VARIABLE = YES;
				PREBINDING = NO;
				SDKROOT = iphoneos3.1;
			};
			name = Release;
		};
		DAC7922E113A7E9100B3C55F /* Debug */ = {
			isa = XCBuildConfiguration;
			buildSettings = {
				ALWAYS_SEARCH_USER_PATHS = NO;
				COPY_PHASE_STRIP = NO;
				FRAMEWORK_SEARCH_PATHS = (
					"\"$(SDKROOT)/Developer/Library/Frameworks\"",
					"\"$(DEVELOPER_LIBRARY_DIR)/Frameworks\"",
				);
				GCC_DYNAMIC_NO_PIC = NO;
				GCC_ENABLE_FIX_AND_CONTINUE = NO;
				GCC_ENABLE_OBJC_EXCEPTIONS = YES;
				GCC_OPTIMIZATION_LEVEL = 0;
				INFOPLIST_FILE = "LogicTests-Info.plist";
				OTHER_LDFLAGS = (
					"-framework",
					Foundation,
					"-framework",
					SenTestingKit,
					"-framework",
					UIKit,
				);
				PREBINDING = NO;
				PRODUCT_NAME = LogicTests;
				WRAPPER_EXTENSION = octest;
			};
			name = Debug;
		};
		DAC7922F113A7E9100B3C55F /* Release */ = {
			isa = XCBuildConfiguration;
			buildSettings = {
				ALWAYS_SEARCH_USER_PATHS = NO;
				COPY_PHASE_STRIP = YES;
				DEBUG_INFORMATION_FORMAT = "dwarf-with-dsym";
				FRAMEWORK_SEARCH_PATHS = (
					"\"$(SDKROOT)/Developer/Library/Frameworks\"",
					"\"$(DEVELOPER_LIBRARY_DIR)/Frameworks\"",
				);
				GCC_ENABLE_FIX_AND_CONTINUE = NO;
				GCC_ENABLE_OBJC_EXCEPTIONS = YES;
				INFOPLIST_FILE = "LogicTests-Info.plist";
				OTHER_LDFLAGS = (
					"-framework",
					Foundation,
					"-framework",
					SenTestingKit,
					"-framework",
					UIKit,
				);
				PREBINDING = NO;
				PRODUCT_NAME = LogicTests;
				WRAPPER_EXTENSION = octest;
				ZERO_LINK = NO;
			};
			name = Release;
		};
		DAC792EF113A882400B3C55F /* Debug */ = {
			isa = XCBuildConfiguration;
			buildSettings = {
				ALWAYS_SEARCH_USER_PATHS = NO;
				COPY_PHASE_STRIP = NO;
				GCC_DYNAMIC_NO_PIC = NO;
				GCC_OPTIMIZATION_LEVEL = 0;
				GCC_PRECOMPILE_PREFIX_HEADER = YES;
				GCC_PREFIX_HEADER = Heinzelnisse_Prefix.pch;
				INFOPLIST_FILE = "Heinzelnisse-Info copy.plist";
				PRODUCT_NAME = Heinzelnisse;
			};
			name = Debug;
		};
		DAC792F0113A882400B3C55F /* Release */ = {
			isa = XCBuildConfiguration;
			buildSettings = {
				ALWAYS_SEARCH_USER_PATHS = NO;
				COPY_PHASE_STRIP = YES;
				GCC_PRECOMPILE_PREFIX_HEADER = YES;
				GCC_PREFIX_HEADER = Heinzelnisse_Prefix.pch;
				INFOPLIST_FILE = "Heinzelnisse-Info copy.plist";
				PRODUCT_NAME = Heinzelnisse;
			};
			name = Release;
		};
		DAC79303113A886300B3C55F /* Debug */ = {
			isa = XCBuildConfiguration;
			buildSettings = {
				ALWAYS_SEARCH_USER_PATHS = NO;
				COPY_PHASE_STRIP = NO;
				FRAMEWORK_SEARCH_PATHS = (
					"\"$(SDKROOT)/Developer/Library/Frameworks\"",
					"\"$(DEVELOPER_LIBRARY_DIR)/Frameworks\"",
				);
				GCC_DYNAMIC_NO_PIC = NO;
				GCC_ENABLE_FIX_AND_CONTINUE = NO;
				GCC_ENABLE_OBJC_EXCEPTIONS = YES;
				GCC_OPTIMIZATION_LEVEL = 0;
				INFOPLIST_FILE = "HeinzelnisseTests-Info.plist";
				OTHER_LDFLAGS = (
					"-framework",
					Foundation,
					"-framework",
					SenTestingKit,
					"-framework",
					UIKit,
				);
				PREBINDING = NO;
				PRODUCT_NAME = HeinzelnisseTests;
				WRAPPER_EXTENSION = octest;
			};
			name = Debug;
		};
		DAC79304113A886300B3C55F /* Release */ = {
			isa = XCBuildConfiguration;
			buildSettings = {
				ALWAYS_SEARCH_USER_PATHS = NO;
				COPY_PHASE_STRIP = YES;
				DEBUG_INFORMATION_FORMAT = "dwarf-with-dsym";
				FRAMEWORK_SEARCH_PATHS = (
					"\"$(SDKROOT)/Developer/Library/Frameworks\"",
					"\"$(DEVELOPER_LIBRARY_DIR)/Frameworks\"",
				);
				GCC_ENABLE_FIX_AND_CONTINUE = NO;
				GCC_ENABLE_OBJC_EXCEPTIONS = YES;
				INFOPLIST_FILE = "HeinzelnisseTests-Info.plist";
				OTHER_LDFLAGS = (
					"-framework",
					Foundation,
					"-framework",
					SenTestingKit,
					"-framework",
					UIKit,
				);
				PREBINDING = NO;
				PRODUCT_NAME = HeinzelnisseTests;
				WRAPPER_EXTENSION = octest;
				ZERO_LINK = NO;
			};
			name = Release;
		};
/* End XCBuildConfiguration section */

/* Begin XCConfigurationList section */
		1D6058960D05DD3E006BFB54 /* Build configuration list for PBXNativeTarget "Heinzelnisse" */ = {
			isa = XCConfigurationList;
			buildConfigurations = (
				1D6058940D05DD3E006BFB54 /* Debug */,
				1D6058950D05DD3E006BFB54 /* Release */,
			);
			defaultConfigurationIsVisible = 0;
			defaultConfigurationName = Release;
		};
		C01FCF4E08A954540054247B /* Build configuration list for PBXProject "Heinzelnisse" */ = {
			isa = XCConfigurationList;
			buildConfigurations = (
				C01FCF4F08A954540054247B /* Debug */,
				C01FCF5008A954540054247B /* Release */,
			);
			defaultConfigurationIsVisible = 0;
			defaultConfigurationName = Release;
		};
		DAC79230113A7E9200B3C55F /* Build configuration list for PBXNativeTarget "LogicTests" */ = {
			isa = XCConfigurationList;
			buildConfigurations = (
				DAC7922E113A7E9100B3C55F /* Debug */,
				DAC7922F113A7E9100B3C55F /* Release */,
			);
			defaultConfigurationIsVisible = 0;
			defaultConfigurationName = Release;
		};
		DAC792EE113A882400B3C55F /* Build configuration list for PBXNativeTarget "HeinzelnisseTesting" */ = {
			isa = XCConfigurationList;
			buildConfigurations = (
				DAC792EF113A882400B3C55F /* Debug */,
				DAC792F0113A882400B3C55F /* Release */,
			);
			defaultConfigurationIsVisible = 0;
			defaultConfigurationName = Release;
		};
		DAC79305113A886300B3C55F /* Build configuration list for PBXNativeTarget "HeinzelnisseTests" */ = {
			isa = XCConfigurationList;
			buildConfigurations = (
				DAC79303113A886300B3C55F /* Debug */,
				DAC79304113A886300B3C55F /* Release */,
			);
			defaultConfigurationIsVisible = 0;
			defaultConfigurationName = Release;
		};
/* End XCConfigurationList section */
	};
	rootObject = 29B97313FDCFA39411CA2CEA /* Project object */;
}
